
Microsoft Visual Studio Solution File, Format Version 12.00
# Visual Studio Version 17
VisualStudioVersion = 17.5.33516.290
MinimumVisualStudioVersion = 10.0.40219.1
Project("{9A19103F-16F7-4668-BE54-9A1E7A4F7556}") = "AdminLTECore6Tamplate", "AdminLTECore6Tamplate.csproj", "{7CD9948B-AA23-48CF-8965-DD9F1A5EC121}"
EndProject
Global
	GlobalSection(SolutionConfigurationPlatforms) = preSolution
		Debug|Any CPU = Debug|Any CPU
		Release|Any CPU = Release|Any CPU
	EndGlobalSection
	GlobalSection(ProjectConfigurationPlatforms) = postSolution
		{7CD9948B-AA23-48CF-8965-DD9F1A5EC121}.Debug|Any CPU.ActiveCfg = Debug|Any CPU
		{7CD9948B-AA23-48CF-8965-DD9F1A5EC121}.Debug|Any CPU.Build.0 = Debug|Any CPU
		{7CD9948B-AA23-48CF-8965-DD9F1A5EC121}.Release|Any CPU.ActiveCfg = Release|Any CPU
		{7CD9948B-AA23-48CF-8965-DD9F1A5EC121}.Release|Any CPU.Build.0 = Release|Any CPU
	EndGlobalSection
	GlobalSection(SolutionProperties) = preSolution
		HideSolutionNode = FALSE
	EndGlobalSection
	GlobalSection(ExtensibilityGlobals) = postSolution
		SolutionGuid = {E4AAA035-25F1-4F80-BDEE-7BCE29676FD2}
	EndGlobalSection
EndGlobal
